{
  "name": "smartdelay",
  "version": "1.0.3",
  "lockfileVersion": 1,
  "dependencies": {
    "@types/node": {
      "version": "7.0.27",
      "resolved": "https://registry.npmjs.org/@types/node/-/node-7.0.27.tgz",
      "integrity": "sha512-2QMiuVOEye2yKmMwE1V96C9HSShmT0WSm6dv2WjacvePEjQNNJGAerTO5hdYhj5lpdK5MW+FVxmyzDhr4omIdw=="
    }
  }
}
